
Microsoft Visual Studio Solution File, Format Version 12.00
# Visual Studio 15
VisualStudioVersion = 15.0.28307.329
MinimumVisualStudioVersion = 10.0.40219.1
Project("{FAE04EC0-301F-11D3-BF4B-00C04F79EFBC}") = "DocDisplay", "DocDisplay\DocDisplay.csproj", "{59E46057-D3DF-46C4-90F9-0CD7D059BA27}"
EndProject
Project("{9A19103F-16F7-4668-BE54-9A1E7A4F7556}") = "OpenXmlPowerTools", "..\..\Open-Xml-PowerTools-vNext\OpenXmlPowerTools\OpenXmlPowerTools.csproj", "{72E2D9FC-5511-466E-9E78-E3628C1D2994}"
EndProject
Global
	GlobalSection(SolutionConfigurationPlatforms) = preSolution
		Debug|Any CPU = Debug|Any CPU
		Release|Any CPU = Release|Any CPU
	EndGlobalSection
	GlobalSection(ProjectConfigurationPlatforms) = postSolution
		{59E46057-D3DF-46C4-90F9-0CD7D059BA27}.Debug|Any CPU.ActiveCfg = Debug|Any CPU
		{59E46057-D3DF-46C4-90F9-0CD7D059BA27}.Debug|Any CPU.Build.0 = Debug|Any CPU
		{59E46057-D3DF-46C4-90F9-0CD7D059BA27}.Release|Any CPU.ActiveCfg = Release|Any CPU
		{59E46057-D3DF-46C4-90F9-0CD7D059BA27}.Release|Any CPU.Build.0 = Release|Any CPU
		{72E2D9FC-5511-466E-9E78-E3628C1D2994}.Debug|Any CPU.ActiveCfg = Debug|Any CPU
		{72E2D9FC-5511-466E-9E78-E3628C1D2994}.Debug|Any CPU.Build.0 = Debug|Any CPU
		{72E2D9FC-5511-466E-9E78-E3628C1D2994}.Release|Any CPU.ActiveCfg = Release|Any CPU
		{72E2D9FC-5511-466E-9E78-E3628C1D2994}.Release|Any CPU.Build.0 = Release|Any CPU
	EndGlobalSection
	GlobalSection(SolutionProperties) = preSolution
		HideSolutionNode = FALSE
	EndGlobalSection
	GlobalSection(ExtensibilityGlobals) = postSolution
		SolutionGuid = {4C6BD93F-2E9B-47DA-B056-05DB1BFAFE63}
	EndGlobalSection
EndGlobal
